{
  "object": {
    "pins": [
      {
        "package": "swift-argument-parser",
        "repositoryURL": "https://github.com/apple/swift-argument-parser",
        "state": {
          "branch": null,
          "revision": "9f04d1ff1afbccd02279338a2c91e5f27c45e93a",
          "version": "0.0.5"
        }
      },
      {
        "package": "SwiftyXML",
        "repositoryURL": "https://github.com/chenyunguiMilook/SwiftyXML.git",
        "state": {
          "branch": null,
          "revision": "29a2f3b3d59bb21bbb26fae217844b9e29d299e2",
          "version": "3.0.2"
        }
      }
    ]
  },
  "version": 1
}
